
Microsoft Visual Studio Solution File, Format Version 12.00
# Visual Studio Version 17
VisualStudioVersion = 17.12.35527.113
MinimumVisualStudioVersion = 10.0.40219.1
Project("{FAE04EC0-301F-11D3-BF4B-00C04F79EFBC}") = "UnicodeEastAsianWidth.Generator", "UnicodeEastAsianWidth.Generator\UnicodeEastAsianWidth.Generator.csproj", "{88308925-B1A7-4E91-8BE5-5843DCE525E6}"
EndProject
Project("{FAE04EC0-301F-11D3-BF4B-00C04F79EFBC}") = "UnicodeEastAsianWidth", "UnicodeEastAsianWidth\UnicodeEastAsianWidth.csproj", "{C58C88FC-3990-4FC7-B3C3-F666DA66417A}"
	ProjectSection(ProjectDependencies) = postProject
		{88308925-B1A7-4E91-8BE5-5843DCE525E6} = {88308925-B1A7-4E91-8BE5-5843DCE525E6}
	EndProjectSection
EndProject
Project("{FAE04EC0-301F-11D3-BF4B-00C04F79EFBC}") = "UnicodeEastAsianWidth.Tests", "UnicodeEastAsianWidth.Tests\UnicodeEastAsianWidth.Tests.csproj", "{2DDACEF7-F8AF-407D-BF98-DA4C8937982A}"
EndProject
Project("{2150E333-8FDC-42A3-9474-1A3956D46DE8}") = "Solution Items", "Solution Items", "{E170DBEA-EA5C-4C0E-A7CA-43B26AAB1F98}"
	ProjectSection(SolutionItems) = preProject
		.gitattributes = .gitattributes
		.gitignore = .gitignore
		.github\workflows\build-and-test.yml = .github\workflows\build-and-test.yml
		LICENSE.txt = LICENSE.txt
		.github\workflows\publish-nuget.yml = .github\workflows\publish-nuget.yml
		README.md = README.md
	EndProjectSection
EndProject
Global
	GlobalSection(SolutionConfigurationPlatforms) = preSolution
		Debug|Any CPU = Debug|Any CPU
		Release|Any CPU = Release|Any CPU
	EndGlobalSection
	GlobalSection(ProjectConfigurationPlatforms) = postSolution
		{88308925-B1A7-4E91-8BE5-5843DCE525E6}.Debug|Any CPU.ActiveCfg = Debug|Any CPU
		{88308925-B1A7-4E91-8BE5-5843DCE525E6}.Debug|Any CPU.Build.0 = Debug|Any CPU
		{88308925-B1A7-4E91-8BE5-5843DCE525E6}.Release|Any CPU.ActiveCfg = Release|Any CPU
		{88308925-B1A7-4E91-8BE5-5843DCE525E6}.Release|Any CPU.Build.0 = Release|Any CPU
		{C58C88FC-3990-4FC7-B3C3-F666DA66417A}.Debug|Any CPU.ActiveCfg = Debug|Any CPU
		{C58C88FC-3990-4FC7-B3C3-F666DA66417A}.Debug|Any CPU.Build.0 = Debug|Any CPU
		{C58C88FC-3990-4FC7-B3C3-F666DA66417A}.Release|Any CPU.ActiveCfg = Release|Any CPU
		{C58C88FC-3990-4FC7-B3C3-F666DA66417A}.Release|Any CPU.Build.0 = Release|Any CPU
		{2DDACEF7-F8AF-407D-BF98-DA4C8937982A}.Debug|Any CPU.ActiveCfg = Debug|Any CPU
		{2DDACEF7-F8AF-407D-BF98-DA4C8937982A}.Debug|Any CPU.Build.0 = Debug|Any CPU
		{2DDACEF7-F8AF-407D-BF98-DA4C8937982A}.Release|Any CPU.ActiveCfg = Release|Any CPU
		{2DDACEF7-F8AF-407D-BF98-DA4C8937982A}.Release|Any CPU.Build.0 = Release|Any CPU
	EndGlobalSection
	GlobalSection(SolutionProperties) = preSolution
		HideSolutionNode = FALSE
	EndGlobalSection
EndGlobal
